
Microsoft Visual Studio Solution File, Format Version 12.00
# Visual Studio Version 17
VisualStudioVersion = 17.8.34309.116
MinimumVisualStudioVersion = 10.0.40219.1
Project("{9A19103F-16F7-4668-BE54-9A1E7A4F7556}") = "cslearn", "cslearn\cslearn.csproj", "{D242C127-C79A-4815-A418-690B5B4511CC}"
EndProject
Project("{9A19103F-16F7-4668-BE54-9A1E7A4F7556}") = "ShujuChuli", "ShujuChuli\ShujuChuli.csproj", "{0D16B13F-CE47-4DF1-BA9D-270BB79F1184}"
EndProject
Project("{9A19103F-16F7-4668-BE54-9A1E7A4F7556}") = "LinkedNudewtd", "LinkedNudewtd\LinkedNudewtd.csproj", "{CAB43D81-CAF7-4CBF-994C-B5C860DFE1A8}"
EndProject
Project("{FAE04EC0-301F-11D3-BF4B-00C04F79EFBC}") = "jisuanqi", "jisuanqi\jisuanqi.csproj", "{F6C6ACE5-C686-42DF-B6E4-5722EB4AF9B0}"
EndProject
Global
	GlobalSection(SolutionConfigurationPlatforms) = preSolution
		Debug|Any CPU = Debug|Any CPU
		Release|Any CPU = Release|Any CPU
	EndGlobalSection
	GlobalSection(ProjectConfigurationPlatforms) = postSolution
		{D242C127-C79A-4815-A418-690B5B4511CC}.Debug|Any CPU.ActiveCfg = Debug|Any CPU
		{D242C127-C79A-4815-A418-690B5B4511CC}.Debug|Any CPU.Build.0 = Debug|Any CPU
		{D242C127-C79A-4815-A418-690B5B4511CC}.Release|Any CPU.ActiveCfg = Release|Any CPU
		{D242C127-C79A-4815-A418-690B5B4511CC}.Release|Any CPU.Build.0 = Release|Any CPU
		{0D16B13F-CE47-4DF1-BA9D-270BB79F1184}.Debug|Any CPU.ActiveCfg = Debug|Any CPU
		{0D16B13F-CE47-4DF1-BA9D-270BB79F1184}.Debug|Any CPU.Build.0 = Debug|Any CPU
		{0D16B13F-CE47-4DF1-BA9D-270BB79F1184}.Release|Any CPU.ActiveCfg = Release|Any CPU
		{0D16B13F-CE47-4DF1-BA9D-270BB79F1184}.Release|Any CPU.Build.0 = Release|Any CPU
		{CAB43D81-CAF7-4CBF-994C-B5C860DFE1A8}.Debug|Any CPU.ActiveCfg = Debug|Any CPU
		{CAB43D81-CAF7-4CBF-994C-B5C860DFE1A8}.Debug|Any CPU.Build.0 = Debug|Any CPU
		{CAB43D81-CAF7-4CBF-994C-B5C860DFE1A8}.Release|Any CPU.ActiveCfg = Release|Any CPU
		{CAB43D81-CAF7-4CBF-994C-B5C860DFE1A8}.Release|Any CPU.Build.0 = Release|Any CPU
		{F6C6ACE5-C686-42DF-B6E4-5722EB4AF9B0}.Debug|Any CPU.ActiveCfg = Debug|Any CPU
		{F6C6ACE5-C686-42DF-B6E4-5722EB4AF9B0}.Debug|Any CPU.Build.0 = Debug|Any CPU
		{F6C6ACE5-C686-42DF-B6E4-5722EB4AF9B0}.Release|Any CPU.ActiveCfg = Release|Any CPU
		{F6C6ACE5-C686-42DF-B6E4-5722EB4AF9B0}.Release|Any CPU.Build.0 = Release|Any CPU
	EndGlobalSection
	GlobalSection(SolutionProperties) = preSolution
		HideSolutionNode = FALSE
	EndGlobalSection
	GlobalSection(ExtensibilityGlobals) = postSolution
		SolutionGuid = {14D74BC7-E6F7-4755-89E8-D44B235D9F8A}
	EndGlobalSection
EndGlobal
